
Microsoft Visual Studio Solution File, Format Version 12.00
# Visual Studio Version 17
VisualStudioVersion = 17.10.35004.147
MinimumVisualStudioVersion = 10.0.40219.1
Project("{FAE04EC0-301F-11D3-BF4B-00C04F79EFBC}") = "test1", "test1.csproj", "{019A939A-7E87-4528-B74C-0FE1B6C6E800}"
EndProject
Project("{FAE04EC0-301F-11D3-BF4B-00C04F79EFBC}") = "dmnpinstaller", "..\dmnpinstaller\dmnpinstaller.csproj", "{11F8DD44-F605-4F1D-BAFC-A49120E391AC}"
EndProject
Global
	GlobalSection(SolutionConfigurationPlatforms) = preSolution
		Debug|Any CPU = Debug|Any CPU
		Release|Any CPU = Release|Any CPU
	EndGlobalSection
	GlobalSection(ProjectConfigurationPlatforms) = postSolution
		{019A939A-7E87-4528-B74C-0FE1B6C6E800}.Debug|Any CPU.ActiveCfg = Debug|Any CPU
		{019A939A-7E87-4528-B74C-0FE1B6C6E800}.Debug|Any CPU.Build.0 = Debug|Any CPU
		{019A939A-7E87-4528-B74C-0FE1B6C6E800}.Release|Any CPU.ActiveCfg = Release|Any CPU
		{019A939A-7E87-4528-B74C-0FE1B6C6E800}.Release|Any CPU.Build.0 = Release|Any CPU
		{11F8DD44-F605-4F1D-BAFC-A49120E391AC}.Debug|Any CPU.ActiveCfg = Debug|Any CPU
		{11F8DD44-F605-4F1D-BAFC-A49120E391AC}.Debug|Any CPU.Build.0 = Debug|Any CPU
		{11F8DD44-F605-4F1D-BAFC-A49120E391AC}.Release|Any CPU.ActiveCfg = Release|Any CPU
		{11F8DD44-F605-4F1D-BAFC-A49120E391AC}.Release|Any CPU.Build.0 = Release|Any CPU
	EndGlobalSection
	GlobalSection(SolutionProperties) = preSolution
		HideSolutionNode = FALSE
	EndGlobalSection
	GlobalSection(ExtensibilityGlobals) = postSolution
		SolutionGuid = {8FF0F58D-0322-4E33-8075-5710F7D838AC}
	EndGlobalSection
EndGlobal
